
Microsoft Visual Studio Solution File, Format Version 12.00
# Visual Studio Version 17
VisualStudioVersion = 17.9.34902.65
MinimumVisualStudioVersion = 10.0.40219.1
Project("{F184B08F-C81C-45F6-A57F-5ABD9991F28F}") = "01-HelloWorld", "01-HelloWorld\01-HelloWorld.vbproj", "{FCE4AE78-992A-4520-A720-7F5BF8AF09F9}"
EndProject
Project("{F184B08F-C81C-45F6-A57F-5ABD9991F28F}") = "02-VariablesYConstantes", "02-VariablesYConstantes\02-VariablesYConstantes.vbproj", "{000C5C13-C8C0-48A5-9255-A16E684D45E1}"
EndProject
Project("{F184B08F-C81C-45F6-A57F-5ABD9991F28F}") = "03-AmbitosDeLasVariables", "03-AmbitosDeLasVariables\03-AmbitosDeLasVariables.vbproj", "{CFDEF055-499D-4F4D-AFB4-86AC2F433713}"
EndProject
Project("{F184B08F-C81C-45F6-A57F-5ABD9991F28F}") = "04-OperadoresYExpresiones", "04-OperadoresYExpresiones\04-OperadoresYExpresiones.vbproj", "{E0797C4B-C8B9-436F-A8B5-81A208E5EC35}"
EndProject
Global
	GlobalSection(SolutionConfigurationPlatforms) = preSolution
		Debug|Any CPU = Debug|Any CPU
		Release|Any CPU = Release|Any CPU
	EndGlobalSection
	GlobalSection(ProjectConfigurationPlatforms) = postSolution
		{FCE4AE78-992A-4520-A720-7F5BF8AF09F9}.Debug|Any CPU.ActiveCfg = Debug|Any CPU
		{FCE4AE78-992A-4520-A720-7F5BF8AF09F9}.Debug|Any CPU.Build.0 = Debug|Any CPU
		{FCE4AE78-992A-4520-A720-7F5BF8AF09F9}.Release|Any CPU.ActiveCfg = Release|Any CPU
		{FCE4AE78-992A-4520-A720-7F5BF8AF09F9}.Release|Any CPU.Build.0 = Release|Any CPU
		{000C5C13-C8C0-48A5-9255-A16E684D45E1}.Debug|Any CPU.ActiveCfg = Debug|Any CPU
		{000C5C13-C8C0-48A5-9255-A16E684D45E1}.Debug|Any CPU.Build.0 = Debug|Any CPU
		{000C5C13-C8C0-48A5-9255-A16E684D45E1}.Release|Any CPU.ActiveCfg = Release|Any CPU
		{000C5C13-C8C0-48A5-9255-A16E684D45E1}.Release|Any CPU.Build.0 = Release|Any CPU
		{CFDEF055-499D-4F4D-AFB4-86AC2F433713}.Debug|Any CPU.ActiveCfg = Debug|Any CPU
		{CFDEF055-499D-4F4D-AFB4-86AC2F433713}.Debug|Any CPU.Build.0 = Debug|Any CPU
		{CFDEF055-499D-4F4D-AFB4-86AC2F433713}.Release|Any CPU.ActiveCfg = Release|Any CPU
		{CFDEF055-499D-4F4D-AFB4-86AC2F433713}.Release|Any CPU.Build.0 = Release|Any CPU
		{E0797C4B-C8B9-436F-A8B5-81A208E5EC35}.Debug|Any CPU.ActiveCfg = Debug|Any CPU
		{E0797C4B-C8B9-436F-A8B5-81A208E5EC35}.Debug|Any CPU.Build.0 = Debug|Any CPU
		{E0797C4B-C8B9-436F-A8B5-81A208E5EC35}.Release|Any CPU.ActiveCfg = Release|Any CPU
		{E0797C4B-C8B9-436F-A8B5-81A208E5EC35}.Release|Any CPU.Build.0 = Release|Any CPU
	EndGlobalSection
	GlobalSection(SolutionProperties) = preSolution
		HideSolutionNode = FALSE
	EndGlobalSection
	GlobalSection(ExtensibilityGlobals) = postSolution
		SolutionGuid = {2A9BE521-FC0B-4D6E-9022-35A1E160CFFB}
	EndGlobalSection
EndGlobal
